schema: '2.0'
stages:
  train:
    cmd: py src/models/TrainModel.py
    deps:
    - path: data/interim/temp5
      md5: b7e5f2b9e4c832fe5a1beb29cc9be57e
      size: 3151449
    - path: data/interim/temp6
      md5: 5d3c098a9da45f16cbe03915497aaf9a
      size: 1575894
    - path: src/models/TrainModel.py
      md5: 125f8770279a136239c0092338af4452
      size: 828
  cleanup:
    cmd: py src/models/CleanUpDf.py
    deps:
    - path: data/raw/04_cricket_1999to2011.csv
      md5: 785cf8eb0e207d1e7350090bf085c206
      size: 22421891
    - path: src/models/CleanUpDf.py
      md5: 31aff887dbe6309966e21bb53ab2a9cf
      size: 1813
    outs:
    - path: data/interim/temp4
      md5: 6764f368ba0224a00a5caa9889cf001b
      size: 10290718
  feature:
    cmd: py src/models/FeatureArrays.py
    deps:
    - path: data/interim/temp4
      md5: 6764f368ba0224a00a5caa9889cf001b
      size: 10290718
    - path: src/models/FeatureArrays.py
      md5: 0c24cf3bc99848b403ee16c51c15e68f
      size: 1994
    outs:
    - path: data/interim/temp5
      md5: b7e5f2b9e4c832fe5a1beb29cc9be57e
      size: 3151449
    - path: data/interim/temp6
      md5: 5d3c098a9da45f16cbe03915497aaf9a
      size: 1575894
