schema: '2.0'
stages:
  train:
    cmd: py src/models/TrainModel.py
    deps:
    - path: data/interim/temp8
      md5: 1f95493d6e9c30520a3a6ef27b8b76da
      size: 399535
    - path: data/interim/temp9
      md5: 11efebc5958cfd1c55b2d6a1d1a42d20
      size: 199824
    - path: src/models/TrainModel.py
      md5: 578e0c2e226e48a159694fba111188b4
      size: 1112
    outs:
    - path: reports/resultsmain.json
      md5: 8309fd17417532000bfc304a60cd7f43
      size: 44
  cleanup:
    cmd: py src/models/CleanUpDf.py
    deps:
    - path: data/raw/04_cricket_1999to2011.csv
      md5: 785cf8eb0e207d1e7350090bf085c206
      size: 22421891
    - path: src/models/CleanUpDf.py
      md5: 7e07a9172671318901da0c075533c1cb
      size: 1813
    outs:
    - path: data/interim/temp7
      md5: 921c76ebd192f52abca506d016666cd6
      size: 1956879
  feature:
    cmd: py src/models/FeatureArrays.py
    deps:
    - path: data/interim/temp7
      md5: 921c76ebd192f52abca506d016666cd6
      size: 1956879
    - path: src/models/FeatureArrays.py
      md5: ff9edd4542dd3c9271a4da6c0583377c
      size: 1994
    outs:
    - path: data/interim/temp8
      md5: 1f95493d6e9c30520a3a6ef27b8b76da
      size: 399535
    - path: data/interim/temp9
      md5: 11efebc5958cfd1c55b2d6a1d1a42d20
      size: 199824
